// !$*UTF8*$!
{
	archiveVersion = 1;
	classes = {
	};
	objectVersion = 77;
	objects = {

/* Begin PBXContainerItemProxy section */
		655579D82EBFE3E700EB02A5 /* PBXContainerItemProxy */ = {
			isa = PBXContainerItemProxy;
			containerPortal = 655579C22EBFE3E500EB02A5 /* Project object */;
			proxyType = 1;
			remoteGlobalIDString = 655579C92EBFE3E500EB02A5;
			remoteInfo = ryansmega4;
		};
		655579E22EBFE3E700EB02A5 /* PBXContainerItemProxy */ = {
			isa = PBXContainerItemProxy;
			containerPortal = 655579C22EBFE3E500EB02A5 /* Project object */;
			proxyType = 1;
			remoteGlobalIDString = 655579C92EBFE3E500EB02A5;
			remoteInfo = ryansmega4;
		};
/* End PBXContainerItemProxy section */

/* Begin PBXFileReference section */
		655579CA2EBFE3E500EB02A5 /* ryansmega4.app */ = {isa = PBXFileReference; explicitFileType = wrapper.application; includeInIndex = 0; path = ryansmega4.app; sourceTree = BUILT_PRODUCTS_DIR; };
		655579D72EBFE3E700EB02A5 /* ryansmega4Tests.xctest */ = {isa = PBXFileReference; explicitFileType = wrapper.cfbundle; includeInIndex = 0; path = ryansmega4Tests.xctest; sourceTree = BUILT_PRODUCTS_DIR; };
		655579E12EBFE3E700EB02A5 /* ryansmega4UITests.xctest */ = {isa = PBXFileReference; explicitFileType = wrapper.cfbundle; includeInIndex = 0; path = ryansmega4UITests.xctest; sourceTree = BUILT_PRODUCTS_DIR; };
/* End PBXFileReference section */

/* Begin PBXFileSystemSynchronizedBuildFileExceptionSet section */
		655579F52EBFE41800EB02A5 /* Exceptions for "ryansmega4" folder in "ryansmega4" target */ = {
			isa = PBXFileSystemSynchronizedBuildFileExceptionSet;
			membershipExceptions = (
				Info.plist,
			);
			target = 655579C92EBFE3E500EB02A5 /* ryansmega4 */;
		};
/* End PBXFileSystemSynchronizedBuildFileExceptionSet section */

/* Begin PBXFileSystemSynchronizedRootGroup section */
		655579CC2EBFE3E500EB02A5 /* ryansmega4 */ = {
			isa = PBXFileSystemSynchronizedRootGroup;
			exceptions = (
				655579F52EBFE41800EB02A5 /* Exceptions for "ryansmega4" folder in "ryansmega4" target */,
			);
			path = ryansmega4;
			sourceTree = "<group>";
		};
		655579DA2EBFE3E700EB02A5 /* ryansmega4Tests */ = {
			isa = PBXFileSystemSynchronizedRootGroup;
			path = ryansmega4Tests;
			sourceTree = "<group>";
		};
		655579E42EBFE3E700EB02A5 /* ryansmega4UITests */ = {
			isa = PBXFileSystemSynchronizedRootGroup;
			path = ryansmega4UITests;
			sourceTree = "<group>";
		};
/* End PBXFileSystemSynchronizedRootGroup section */

/* Begin PBXFrameworksBuildPhase section */
		655579C72EBFE3E500EB02A5 /* Frameworks */ = {
			isa = PBXFrameworksBuildPhase;
			buildActionMask = 2147483647;
			files = (
			);
			runOnlyForDeploymentPostprocessing = 0;
		};
		655579D42EBFE3E700EB02A5 /* Frameworks */ = {
			isa = PBXFrameworksBuildPhase;
			buildActionMask = 2147483647;
			files = (
			);
			runOnlyForDeploymentPostprocessing = 0;
		};
		655579DE2EBFE3E700EB02A5 /* Frameworks */ = {
			isa = PBXFrameworksBuildPhase;
			buildActionMask = 2147483647;
			files = (
			);
			runOnlyForDeploymentPostprocessing = 0;
		};
/* End PBXFrameworksBuildPhase section */

/* Begin PBXGroup section */
		655579C12EBFE3E500EB02A5 = {
			isa = PBXGroup;
			children = (
				655579CC2EBFE3E500EB02A5 /* ryansmega4 */,
				655579DA2EBFE3E700EB02A5 /* ryansmega4Tests */,
				655579E42EBFE3E700EB02A5 /* ryansmega4UITests */,
				655579CB2EBFE3E500EB02A5 /* Products */,
			);
			sourceTree = "<group>";
		};
		655579CB2EBFE3E500EB02A5 /* Products */ = {
			isa = PBXGroup;
			children = (
				655579CA2EBFE3E500EB02A5 /* ryansmega4.app */,
				655579D72EBFE3E700EB02A5 /* ryansmega4Tests.xctest */,
				655579E12EBFE3E700EB02A5 /* ryansmega4UITests.xctest */,
			);
			name = Products;
			sourceTree = "<group>";
		};
/* End PBXGroup section */

/* Begin PBXNativeTarget section */
		655579C92EBFE3E500EB02A5 /* ryansmega4 */ = {
			isa = PBXNativeTarget;
			buildConfigurationList = 655579EB2EBFE3E700EB02A5 /* Build configuration list for PBXNativeTarget "ryansmega4" */;
			buildPhases = (
				655579C62EBFE3E500EB02A5 /* Sources */,
				655579C72EBFE3E500EB02A5 /* Frameworks */,
				655579C82EBFE3E500EB02A5 /* Resources */,
			);
			buildRules = (
			);
			dependencies = (
			);
			fileSystemSynchronizedGroups = (
				655579CC2EBFE3E500EB02A5 /* ryansmega4 */,
			);
			name = ryansmega4;
			packageProductDependencies = (
			);
			productName = ryansmega4;
			productReference = 655579CA2EBFE3E500EB02A5 /* ryansmega4.app */;
			productType = "com.apple.product-type.application";
		};
		655579D62EBFE3E700EB02A5 /* ryansmega4Tests */ = {
			isa = PBXNativeTarget;
			buildConfigurationList = 655579EE2EBFE3E700EB02A5 /* Build configuration list for PBXNativeTarget "ryansmega4Tests" */;
			buildPhases = (
				655579D32EBFE3E700EB02A5 /* Sources */,
				655579D42EBFE3E700EB02A5 /* Frameworks */,
				655579D52EBFE3E700EB02A5 /* Resources */,
			);
			buildRules = (
			);
			dependencies = (
				655579D92EBFE3E700EB02A5 /* PBXTargetDependency */,
			);
			fileSystemSynchronizedGroups = (
				655579DA2EBFE3E700EB02A5 /* ryansmega4Tests */,
			);
			name = ryansmega4Tests;
			packageProductDependencies = (
			);
			productName = ryansmega4Tests;
			productReference = 655579D72EBFE3E700EB02A5 /* ryansmega4Tests.xctest */;
			productType = "com.apple.product-type.bundle.unit-test";
		};
		655579E02EBFE3E700EB02A5 /* ryansmega4UITests */ = {
			isa = PBXNativeTarget;
			buildConfigurationList = 655579F12EBFE3E700EB02A5 /* Build configuration list for PBXNativeTarget "ryansmega4UITests" */;
			buildPhases = (
				655579DD2EBFE3E700EB02A5 /* Sources */,
				655579DE2EBFE3E700EB02A5 /* Frameworks */,
				655579DF2EBFE3E700EB02A5 /* Resources */,
			);
			buildRules = (
			);
			dependencies = (
				655579E32EBFE3E700EB02A5 /* PBXTargetDependency */,
			);
			fileSystemSynchronizedGroups = (
				655579E42EBFE3E700EB02A5 /* ryansmega4UITests */,
			);
			name = ryansmega4UITests;
			packageProductDependencies = (
			);
			productName = ryansmega4UITests;
			productReference = 655579E12EBFE3E700EB02A5 /* ryansmega4UITests.xctest */;
			productType = "com.apple.product-type.bundle.ui-testing";
		};
/* End PBXNativeTarget section */

/* Begin PBXProject section */
		655579C22EBFE3E500EB02A5 /* Project object */ = {
			isa = PBXProject;
			attributes = {
				BuildIndependentTargetsInParallel = 1;
				LastSwiftUpdateCheck = 1630;
				LastUpgradeCheck = 1630;
				TargetAttributes = {
					655579C92EBFE3E500EB02A5 = {
						CreatedOnToolsVersion = 16.3;
					};
					655579D62EBFE3E700EB02A5 = {
						CreatedOnToolsVersion = 16.3;
						TestTargetID = 655579C92EBFE3E500EB02A5;
					};
					655579E02EBFE3E700EB02A5 = {
						CreatedOnToolsVersion = 16.3;
						TestTargetID = 655579C92EBFE3E500EB02A5;
					};
				};
			};
			buildConfigurationList = 655579C52EBFE3E500EB02A5 /* Build configuration list for PBXProject "ryansmega4" */;
			developmentRegion = en;
			hasScannedForEncodings = 0;
			knownRegions = (
				en,
				Base,
			);
			mainGroup = 655579C12EBFE3E500EB02A5;
			minimizedProjectReferenceProxies = 1;
			preferredProjectObjectVersion = 77;
			productRefGroup = 655579CB2EBFE3E500EB02A5 /* Products */;
			projectDirPath = "";
			projectRoot = "";
			targets = (
				655579C92EBFE3E500EB02A5 /* ryansmega4 */,
				655579D62EBFE3E700EB02A5 /* ryansmega4Tests */,
				655579E02EBFE3E700EB02A5 /* ryansmega4UITests */,
			);
		};
/* End PBXProject section */

/* Begin PBXResourcesBuildPhase section */
		655579C82EBFE3E500EB02A5 /* Resources */ = {
			isa = PBXResourcesBuildPhase;
			buildActionMask = 2147483647;
			files = (
			);
			runOnlyForDeploymentPostprocessing = 0;
		};
		655579D52EBFE3E700EB02A5 /* Resources */ = {
			isa = PBXResourcesBuildPhase;
			buildActionMask = 2147483647;
			files = (
			);
			runOnlyForDeploymentPostprocessing = 0;
		};
		655579DF2EBFE3E700EB02A5 /* Resources */ = {
			isa = PBXResourcesBuildPhase;
			buildActionMask = 2147483647;
			files = (
			);
			runOnlyForDeploymentPostprocessing = 0;
		};
/* End PBXResourcesBuildPhase section */

/* Begin PBXSourcesBuildPhase section */
		655579C62EBFE3E500EB02A5 /* Sources */ = {
			isa = PBXSourcesBuildPhase;
			buildActionMask = 2147483647;
			files = (
			);
			runOnlyForDeploymentPostprocessing = 0;
		};
		655579D32EBFE3E700EB02A5 /* Sources */ = {
			isa = PBXSourcesBuildPhase;
			buildActionMask = 2147483647;
			files = (
			);
			runOnlyForDeploymentPostprocessing = 0;
		};
		655579DD2EBFE3E700EB02A5 /* Sources */ = {
			isa = PBXSourcesBuildPhase;
			buildActionMask = 2147483647;
			files = (
			);
			runOnlyForDeploymentPostprocessing = 0;
		};
/* End PBXSourcesBuildPhase section */

/* Begin PBXTargetDependency section */
		655579D92EBFE3E700EB02A5 /* PBXTargetDependency */ = {
			isa = PBXTargetDependency;
			target = 655579C92EBFE3E500EB02A5 /* ryansmega4 */;
			targetProxy = 655579D82EBFE3E700EB02A5 /* PBXContainerItemProxy */;
		};
		655579E32EBFE3E700EB02A5 /* PBXTargetDependency */ = {
			isa = PBXTargetDependency;
			target = 655579C92EBFE3E500EB02A5 /* ryansmega4 */;
			targetProxy = 655579E22EBFE3E700EB02A5 /* PBXContainerItemProxy */;
		};
/* End PBXTargetDependency section */

/* Begin XCBuildConfiguration section */
		655579E92EBFE3E700EB02A5 /* Debug */ = {
			isa = XCBuildConfiguration;
			buildSettings = {
				ALWAYS_SEARCH_USER_PATHS = NO;
				ASSETCATALOG_COMPILER_GENERATE_SWIFT_ASSET_SYMBOL_EXTENSIONS = YES;
				CLANG_ANALYZER_NONNULL = YES;
				CLANG_ANALYZER_NUMBER_OBJECT_CONVERSION = YES_AGGRESSIVE;
				CLANG_CXX_LANGUAGE_STANDARD = "gnu++20";
				CLANG_ENABLE_MODULES = YES;
				CLANG_ENABLE_OBJC_ARC = YES;
				CLANG_ENABLE_OBJC_WEAK = YES;
				CLANG_WARN_BLOCK_CAPTURE_AUTORELEASING = YES;
				CLANG_WARN_BOOL_CONVERSION = YES;
				CLANG_WARN_COMMA = YES;
				CLANG_WARN_CONSTANT_CONVERSION = YES;
				CLANG_WARN_DEPRECATED_OBJC_IMPLEMENTATIONS = YES;
				CLANG_WARN_DIRECT_OBJC_ISA_USAGE = YES_ERROR;
				CLANG_WARN_DOCUMENTATION_COMMENTS = YES;
				CLANG_WARN_EMPTY_BODY = YES;
				CLANG_WARN_ENUM_CONVERSION = YES;
				CLANG_WARN_INFINITE_RECURSION = YES;
				CLANG_WARN_INT_CONVERSION = YES;
				CLANG_WARN_NON_LITERAL_NULL_CONVERSION = YES;
				CLANG_WARN_OBJC_IMPLICIT_RETAIN_SELF = YES;
				CLANG_WARN_OBJC_LITERAL_CONVERSION = YES;
				CLANG_WARN_OBJC_ROOT_CLASS = YES_ERROR;
				CLANG_WARN_QUOTED_INCLUDE_IN_FRAMEWORK_HEADER = YES;
				CLANG_WARN_RANGE_LOOP_ANALYSIS = YES;
				CLANG_WARN_STRICT_PROTOTYPES = YES;
				CLANG_WARN_SUSPICIOUS_MOVE = YES;
				CLANG_WARN_UNGUARDED_AVAILABILITY = YES_AGGRESSIVE;
				CLANG_WARN_UNREACHABLE_CODE = YES;
				CLANG_WARN__DUPLICATE_METHOD_MATCH = YES;
				COPY_PHASE_STRIP = NO;
				DEBUG_INFORMATION_FORMAT = dwarf;
				DEVELOPMENT_TEAM = 33B84HZDQC;
				ENABLE_STRICT_OBJC_MSGSEND = YES;
				ENABLE_TESTABILITY = YES;
				ENABLE_USER_SCRIPT_SANDBOXING = YES;
				GCC_C_LANGUAGE_STANDARD = gnu17;
				GCC_DYNAMIC_NO_PIC = NO;
				GCC_NO_COMMON_BLOCKS = YES;
				GCC_OPTIMIZATION_LEVEL = 0;
				GCC_PREPROCESSOR_DEFINITIONS = (
					"DEBUG=1",
					"$(inherited)",
				);
				GCC_WARN_64_TO_32_BIT_CONVERSION = YES;
				GCC_WARN_ABOUT_RETURN_TYPE = YES_ERROR;
				GCC_WARN_UNDECLARED_SELECTOR = YES;
				GCC_WARN_UNINITIALIZED_AUTOS = YES_AGGRESSIVE;
				GCC_WARN_UNUSED_FUNCTION = YES;
				GCC_WARN_UNUSED_VARIABLE = YES;
				IPHONEOS_DEPLOYMENT_TARGET = 18.4;
				LOCALIZATION_PREFERS_STRING_CATALOGS = YES;
				MTL_ENABLE_DEBUG_INFO = INCLUDE_SOURCE;
				MTL_FAST_MATH = YES;
				ONLY_ACTIVE_ARCH = YES;
				SDKROOT = iphoneos;
				SWIFT_ACTIVE_COMPILATION_CONDITIONS = "DEBUG $(inherited)";
				SWIFT_OPTIMIZATION_LEVEL = "-Onone";
			};
			name = Debug;
		};
		655579EA2EBFE3E700EB02A5 /* Release */ = {
			isa = XCBuildConfiguration;
			buildSettings = {
				ALWAYS_SEARCH_USER_PATHS = NO;
				ASSETCATALOG_COMPILER_GENERATE_SWIFT_ASSET_SYMBOL_EXTENSIONS = YES;
				CLANG_ANALYZER_NONNULL = YES;
				CLANG_ANALYZER_NUMBER_OBJECT_CONVERSION = YES_AGGRESSIVE;
				CLANG_CXX_LANGUAGE_STANDARD = "gnu++20";
				CLANG_ENABLE_MODULES = YES;
				CLANG_ENABLE_OBJC_ARC = YES;
				CLANG_ENABLE_OBJC_WEAK = YES;
				CLANG_WARN_BLOCK_CAPTURE_AUTORELEASING = YES;
				CLANG_WARN_BOOL_CONVERSION = YES;
				CLANG_WARN_COMMA = YES;
				CLANG_WARN_CONSTANT_CONVERSION = YES;
				CLANG_WARN_DEPRECATED_OBJC_IMPLEMENTATIONS = YES;
				CLANG_WARN_DIRECT_OBJC_ISA_USAGE = YES_ERROR;
				CLANG_WARN_DOCUMENTATION_COMMENTS = YES;
				CLANG_WARN_EMPTY_BODY = YES;
				CLANG_WARN_ENUM_CONVERSION = YES;
				CLANG_WARN_INFINITE_RECURSION = YES;
				CLANG_WARN_INT_CONVERSION = YES;
				CLANG_WARN_NON_LITERAL_NULL_CONVERSION = YES;
				CLANG_WARN_OBJC_IMPLICIT_RETAIN_SELF = YES;
				CLANG_WARN_OBJC_LITERAL_CONVERSION = YES;
				CLANG_WARN_OBJC_ROOT_CLASS = YES_ERROR;
				CLANG_WARN_QUOTED_INCLUDE_IN_FRAMEWORK_HEADER = YES;
				CLANG_WARN_RANGE_LOOP_ANALYSIS = YES;
				CLANG_WARN_STRICT_PROTOTYPES = YES;
				CLANG_WARN_SUSPICIOUS_MOVE = YES;
				CLANG_WARN_UNGUARDED_AVAILABILITY = YES_AGGRESSIVE;
				CLANG_WARN_UNREACHABLE_CODE = YES;
				CLANG_WARN__DUPLICATE_METHOD_MATCH = YES;
				COPY_PHASE_STRIP = NO;
				DEBUG_INFORMATION_FORMAT = "dwarf-with-dsym";
				DEVELOPMENT_TEAM = 33B84HZDQC;
				ENABLE_NS_ASSERTIONS = NO;
				ENABLE_STRICT_OBJC_MSGSEND = YES;
				ENABLE_USER_SCRIPT_SANDBOXING = YES;
				GCC_C_LANGUAGE_STANDARD = gnu17;
				GCC_NO_COMMON_BLOCKS = YES;
				GCC_WARN_64_TO_32_BIT_CONVERSION = YES;
				GCC_WARN_ABOUT_RETURN_TYPE = YES_ERROR;
				GCC_WARN_UNDECLARED_SELECTOR = YES;
				GCC_WARN_UNINITIALIZED_AUTOS = YES_AGGRESSIVE;
				GCC_WARN_UNUSED_FUNCTION = YES;
				GCC_WARN_UNUSED_VARIABLE = YES;
				IPHONEOS_DEPLOYMENT_TARGET = 18.4;
				LOCALIZATION_PREFERS_STRING_CATALOGS = YES;
				MTL_ENABLE_DEBUG_INFO = NO;
				MTL_FAST_MATH = YES;
				SDKROOT = iphoneos;
				SWIFT_COMPILATION_MODE = wholemodule;
				VALIDATE_PRODUCT = YES;
			};
			name = Release;
		};
		655579EC2EBFE3E700EB02A5 /* Debug */ = {
			isa = XCBuildConfiguration;
			buildSettings = {
				ASSETCATALOG_COMPILER_APPICON_NAME = AppIcon;
				ASSETCATALOG_COMPILER_GLOBAL_ACCENT_COLOR_NAME = AccentColor;
				CODE_SIGN_ENTITLEMENTS = ryansmega4/ryansmega4.entitlements;
				CODE_SIGN_STYLE = Automatic;
				CURRENT_PROJECT_VERSION = 1;
				DEVELOPMENT_TEAM = 33B84HZDQC;
				ENABLE_PREVIEWS = YES;
				GENERATE_INFOPLIST_FILE = YES;
				INFOPLIST_FILE = ryansmega4/Info.plist;
				INFOPLIST_KEY_UIApplicationSceneManifest_Generation = YES;
				INFOPLIST_KEY_UIApplicationSupportsIndirectInputEvents = YES;
				INFOPLIST_KEY_UILaunchScreen_Generation = YES;
				INFOPLIST_KEY_UISupportedInterfaceOrientations_iPad = "UIInterfaceOrientationPortrait UIInterfaceOrientationPortraitUpsideDown UIInterfaceOrientationLandscapeLeft UIInterfaceOrientationLandscapeRight";
				INFOPLIST_KEY_UISupportedInterfaceOrientations_iPhone = "UIInterfaceOrientationPortrait UIInterfaceOrientationLandscapeLeft UIInterfaceOrientationLandscapeRight";
				LD_RUNPATH_SEARCH_PATHS = (
					"$(inherited)",
					"@executable_path/Frameworks",
				);
				MARKETING_VERSION = 1.0;
				PRODUCT_BUNDLE_IDENTIFIER = com.ryanko.ryansmega4;
				PRODUCT_NAME = "$(TARGET_NAME)";
				SWIFT_EMIT_LOC_STRINGS = YES;
				SWIFT_VERSION = 5.0;
				TARGETED_DEVICE_FAMILY = "1,2";
			};
			name = Debug;
		};
		655579ED2EBFE3E700EB02A5 /* Release */ = {
			isa = XCBuildConfiguration;
			buildSettings = {
				ASSETCATALOG_COMPILER_APPICON_NAME = AppIcon;
				ASSETCATALOG_COMPILER_GLOBAL_ACCENT_COLOR_NAME = AccentColor;
				CODE_SIGN_ENTITLEMENTS = ryansmega4/ryansmega4.entitlements;
				CODE_SIGN_STYLE = Automatic;
				CURRENT_PROJECT_VERSION = 1;
				DEVELOPMENT_TEAM = 33B84HZDQC;
				ENABLE_PREVIEWS = YES;
				GENERATE_INFOPLIST_FILE = YES;
				INFOPLIST_FILE = ryansmega4/Info.plist;
				INFOPLIST_KEY_UIApplicationSceneManifest_Generation = YES;
				INFOPLIST_KEY_UIApplicationSupportsIndirectInputEvents = YES;
				INFOPLIST_KEY_UILaunchScreen_Generation = YES;
				INFOPLIST_KEY_UISupportedInterfaceOrientations_iPad = "UIInterfaceOrientationPortrait UIInterfaceOrientationPortraitUpsideDown UIInterfaceOrientationLandscapeLeft UIInterfaceOrientationLandscapeRight";
				INFOPLIST_KEY_UISupportedInterfaceOrientations_iPhone = "UIInterfaceOrientationPortrait UIInterfaceOrientationLandscapeLeft UIInterfaceOrientationLandscapeRight";
				LD_RUNPATH_SEARCH_PATHS = (
					"$(inherited)",
					"@executable_path/Frameworks",
				);
				MARKETING_VERSION = 1.0;
				PRODUCT_BUNDLE_IDENTIFIER = com.ryanko.ryansmega4;
				PRODUCT_NAME = "$(TARGET_NAME)";
				SWIFT_EMIT_LOC_STRINGS = YES;
				SWIFT_VERSION = 5.0;
				TARGETED_DEVICE_FAMILY = "1,2";
			};
			name = Release;
		};
		655579EF2EBFE3E700EB02A5 /* Debug */ = {
			isa = XCBuildConfiguration;
			buildSettings = {
				BUNDLE_LOADER = "$(TEST_HOST)";
				CODE_SIGN_STYLE = Automatic;
				CURRENT_PROJECT_VERSION = 1;
				DEVELOPMENT_TEAM = 33B84HZDQC;
				GENERATE_INFOPLIST_FILE = YES;
				IPHONEOS_DEPLOYMENT_TARGET = 18.4;
				MARKETING_VERSION = 1.0;
				PRODUCT_BUNDLE_IDENTIFIER = com.ryanko.ryansmega4Tests;
				PRODUCT_NAME = "$(TARGET_NAME)";
				SWIFT_EMIT_LOC_STRINGS = NO;
				SWIFT_VERSION = 5.0;
				TARGETED_DEVICE_FAMILY = "1,2";
				TEST_HOST = "$(BUILT_PRODUCTS_DIR)/ryansmega4.app/$(BUNDLE_EXECUTABLE_FOLDER_PATH)/ryansmega4";
			};
			name = Debug;
		};
		655579F02EBFE3E700EB02A5 /* Release */ = {
			isa = XCBuildConfiguration;
			buildSettings = {
				BUNDLE_LOADER = "$(TEST_HOST)";
				CODE_SIGN_STYLE = Automatic;
				CURRENT_PROJECT_VERSION = 1;
				DEVELOPMENT_TEAM = 33B84HZDQC;
				GENERATE_INFOPLIST_FILE = YES;
				IPHONEOS_DEPLOYMENT_TARGET = 18.4;
				MARKETING_VERSION = 1.0;
				PRODUCT_BUNDLE_IDENTIFIER = com.ryanko.ryansmega4Tests;
				PRODUCT_NAME = "$(TARGET_NAME)";
				SWIFT_EMIT_LOC_STRINGS = NO;
				SWIFT_VERSION = 5.0;
				TARGETED_DEVICE_FAMILY = "1,2";
				TEST_HOST = "$(BUILT_PRODUCTS_DIR)/ryansmega4.app/$(BUNDLE_EXECUTABLE_FOLDER_PATH)/ryansmega4";
			};
			name = Release;
		};
		655579F22EBFE3E700EB02A5 /* Debug */ = {
			isa = XCBuildConfiguration;
			buildSettings = {
				CODE_SIGN_STYLE = Automatic;
				CURRENT_PROJECT_VERSION = 1;
				DEVELOPMENT_TEAM = 33B84HZDQC;
				GENERATE_INFOPLIST_FILE = YES;
				MARKETING_VERSION = 1.0;
				PRODUCT_BUNDLE_IDENTIFIER = com.ryanko.ryansmega4UITests;
				PRODUCT_NAME = "$(TARGET_NAME)";
				SWIFT_EMIT_LOC_STRINGS = NO;
				SWIFT_VERSION = 5.0;
				TARGETED_DEVICE_FAMILY = "1,2";
				TEST_TARGET_NAME = ryansmega4;
			};
			name = Debug;
		};
		655579F32EBFE3E700EB02A5 /* Release */ = {
			isa = XCBuildConfiguration;
			buildSettings = {
				CODE_SIGN_STYLE = Automatic;
				CURRENT_PROJECT_VERSION = 1;
				DEVELOPMENT_TEAM = 33B84HZDQC;
				GENERATE_INFOPLIST_FILE = YES;
				MARKETING_VERSION = 1.0;
				PRODUCT_BUNDLE_IDENTIFIER = com.ryanko.ryansmega4UITests;
				PRODUCT_NAME = "$(TARGET_NAME)";
				SWIFT_EMIT_LOC_STRINGS = NO;
				SWIFT_VERSION = 5.0;
				TARGETED_DEVICE_FAMILY = "1,2";
				TEST_TARGET_NAME = ryansmega4;
			};
			name = Release;
		};
/* End XCBuildConfiguration section */

/* Begin XCConfigurationList section */
		655579C52EBFE3E500EB02A5 /* Build configuration list for PBXProject "ryansmega4" */ = {
			isa = XCConfigurationList;
			buildConfigurations = (
				655579E92EBFE3E700EB02A5 /* Debug */,
				655579EA2EBFE3E700EB02A5 /* Release */,
			);
			defaultConfigurationIsVisible = 0;
			defaultConfigurationName = Release;
		};
		655579EB2EBFE3E700EB02A5 /* Build configuration list for PBXNativeTarget "ryansmega4" */ = {
			isa = XCConfigurationList;
			buildConfigurations = (
				655579EC2EBFE3E700EB02A5 /* Debug */,
				655579ED2EBFE3E700EB02A5 /* Release */,
			);
			defaultConfigurationIsVisible = 0;
			defaultConfigurationName = Release;
		};
		655579EE2EBFE3E700EB02A5 /* Build configuration list for PBXNativeTarget "ryansmega4Tests" */ = {
			isa = XCConfigurationList;
			buildConfigurations = (
				655579EF2EBFE3E700EB02A5 /* Debug */,
				655579F02EBFE3E700EB02A5 /* Release */,
			);
			defaultConfigurationIsVisible = 0;
			defaultConfigurationName = Release;
		};
		655579F12EBFE3E700EB02A5 /* Build configuration list for PBXNativeTarget "ryansmega4UITests" */ = {
			isa = XCConfigurationList;
			buildConfigurations = (
				655579F22EBFE3E700EB02A5 /* Debug */,
				655579F32EBFE3E700EB02A5 /* Release */,
			);
			defaultConfigurationIsVisible = 0;
			defaultConfigurationName = Release;
		};
/* End XCConfigurationList section */
	};
	rootObject = 655579C22EBFE3E500EB02A5 /* Project object */;
}
